
Microsoft Visual Studio Solution File, Format Version 12.00
# Visual Studio Version 16
VisualStudioVersion = 16.0.29519.181
MinimumVisualStudioVersion = 10.0.40219.1
Project("{FAE04EC0-301F-11D3-BF4B-00C04F79EFBC}") = "TP_Moya1", "TP_Moya1.csproj", "{3BCD0C59-F520-4EC7-B79B-F194F6E5353C}"
EndProject
Project("{FAE04EC0-301F-11D3-BF4B-00C04F79EFBC}") = "CalculatePrivateAssembly_1", "..\CalculatePrivateAssembly_1\CalculatePrivateAssembly_1.csproj", "{FAC47981-2226-4C70-9DBE-EA7B9EE1515F}"
EndProject
Project("{FAE04EC0-301F-11D3-BF4B-00C04F79EFBC}") = "Calculate", "..\Calculate\Calculate.csproj", "{560396E6-2DC8-46F3-A81C-932C1267524A}"
EndProject
Global
	GlobalSection(SolutionConfigurationPlatforms) = preSolution
		Debug|Any CPU = Debug|Any CPU
		Release|Any CPU = Release|Any CPU
	EndGlobalSection
	GlobalSection(ProjectConfigurationPlatforms) = postSolution
		{3BCD0C59-F520-4EC7-B79B-F194F6E5353C}.Debug|Any CPU.ActiveCfg = Debug|Any CPU
		{3BCD0C59-F520-4EC7-B79B-F194F6E5353C}.Debug|Any CPU.Build.0 = Debug|Any CPU
		{3BCD0C59-F520-4EC7-B79B-F194F6E5353C}.Release|Any CPU.ActiveCfg = Release|Any CPU
		{3BCD0C59-F520-4EC7-B79B-F194F6E5353C}.Release|Any CPU.Build.0 = Release|Any CPU
		{FAC47981-2226-4C70-9DBE-EA7B9EE1515F}.Debug|Any CPU.ActiveCfg = Debug|Any CPU
		{FAC47981-2226-4C70-9DBE-EA7B9EE1515F}.Debug|Any CPU.Build.0 = Debug|Any CPU
		{FAC47981-2226-4C70-9DBE-EA7B9EE1515F}.Release|Any CPU.ActiveCfg = Release|Any CPU
		{FAC47981-2226-4C70-9DBE-EA7B9EE1515F}.Release|Any CPU.Build.0 = Release|Any CPU
		{560396E6-2DC8-46F3-A81C-932C1267524A}.Debug|Any CPU.ActiveCfg = Debug|Any CPU
		{560396E6-2DC8-46F3-A81C-932C1267524A}.Debug|Any CPU.Build.0 = Debug|Any CPU
		{560396E6-2DC8-46F3-A81C-932C1267524A}.Release|Any CPU.ActiveCfg = Release|Any CPU
		{560396E6-2DC8-46F3-A81C-932C1267524A}.Release|Any CPU.Build.0 = Release|Any CPU
	EndGlobalSection
	GlobalSection(SolutionProperties) = preSolution
		HideSolutionNode = FALSE
	EndGlobalSection
	GlobalSection(ExtensibilityGlobals) = postSolution
		SolutionGuid = {6C5EF335-E7BF-46F6-B09E-A7F822898C3F}
	EndGlobalSection
EndGlobal
